
Microsoft Visual Studio Solution File, Format Version 12.00
# Visual Studio 15
VisualStudioVersion = 15.0.28307.438
MinimumVisualStudioVersion = 10.0.40219.1
Project("{FAE04EC0-301F-11D3-BF4B-00C04F79EFBC}") = "UmbracoUnitTesting.Core", "UmbracoUnitTesting.Core\UmbracoUnitTesting.Core.csproj", "{FFD31510-57EB-4258-AF8C-ECEAF4B2F79C}"
EndProject
Project("{FAE04EC0-301F-11D3-BF4B-00C04F79EFBC}") = "UmbracoUnitTesting.Tests", "UmbracoUnitTesting.Tests\UmbracoUnitTesting.Tests.csproj", "{37AC7380-12E9-40EB-8E06-450624CD511F}"
EndProject
Global
	GlobalSection(SolutionConfigurationPlatforms) = preSolution
		Debug|Any CPU = Debug|Any CPU
		Release|Any CPU = Release|Any CPU
	EndGlobalSection
	GlobalSection(ProjectConfigurationPlatforms) = postSolution
		{FFD31510-57EB-4258-AF8C-ECEAF4B2F79C}.Debug|Any CPU.ActiveCfg = Debug|Any CPU
		{FFD31510-57EB-4258-AF8C-ECEAF4B2F79C}.Debug|Any CPU.Build.0 = Debug|Any CPU
		{FFD31510-57EB-4258-AF8C-ECEAF4B2F79C}.Release|Any CPU.ActiveCfg = Release|Any CPU
		{FFD31510-57EB-4258-AF8C-ECEAF4B2F79C}.Release|Any CPU.Build.0 = Release|Any CPU
		{37AC7380-12E9-40EB-8E06-450624CD511F}.Debug|Any CPU.ActiveCfg = Debug|Any CPU
		{37AC7380-12E9-40EB-8E06-450624CD511F}.Debug|Any CPU.Build.0 = Debug|Any CPU
		{37AC7380-12E9-40EB-8E06-450624CD511F}.Release|Any CPU.ActiveCfg = Release|Any CPU
		{37AC7380-12E9-40EB-8E06-450624CD511F}.Release|Any CPU.Build.0 = Release|Any CPU
	EndGlobalSection
	GlobalSection(SolutionProperties) = preSolution
		HideSolutionNode = FALSE
	EndGlobalSection
	GlobalSection(ExtensibilityGlobals) = postSolution
		SolutionGuid = {839C3AFD-E37D-432B-9A36-EB96CF56CA53}
	EndGlobalSection
EndGlobal
